
Microsoft Visual Studio Solution File, Format Version 12.00
# Visual Studio Version 17
VisualStudioVersion = 17.2.32630.192
MinimumVisualStudioVersion = 10.0.40219.1
Project("{2150E333-8FDC-42A3-9474-1A3956D46DE8}") = "src", "src", "{343B00D4-82F6-4E5C-9006-400FE9A7DFC7}"
EndProject
Project("{2150E333-8FDC-42A3-9474-1A3956D46DE8}") = "Api", "Api", "{F21DF0E3-7268-46EE-8DC3-085C00BFA75B}"
EndProject
Project("{2150E333-8FDC-42A3-9474-1A3956D46DE8}") = "Clients", "Clients", "{3FF05D40-3E4A-472A-AADE-51E147DB67B6}"
EndProject
Project("{2150E333-8FDC-42A3-9474-1A3956D46DE8}") = "Common", "Common", "{7D27C618-AA52-4C7F-8F56-400412C8E26A}"
EndProject
Project("{2150E333-8FDC-42A3-9474-1A3956D46DE8}") = "Projections", "Projections", "{5482BDF4-9ED9-43F6-8D4C-234322D98246}"
EndProject
Project("{2150E333-8FDC-42A3-9474-1A3956D46DE8}") = "Core", "Core", "{E1CF01C5-7045-4BB5-80A8-10DC42A2A252}"
EndProject
Project("{2150E333-8FDC-42A3-9474-1A3956D46DE8}") = "Infrastructure", "Infrastructure", "{88ADF8B2-F2DB-4917-AD88-F60DC19DEE71}"
EndProject
Project("{2150E333-8FDC-42A3-9474-1A3956D46DE8}") = "WebApi", "WebApi", "{2402347B-6165-4A75-BEB7-0A9EDB149A8E}"
EndProject
Project("{2150E333-8FDC-42A3-9474-1A3956D46DE8}") = "BlazorWeb", "BlazorWeb", "{E270371E-13D0-4367-AC72-0C2B79C785B1}"
EndProject
Project("{9A19103F-16F7-4668-BE54-9A1E7A4F7556}") = "BlazorForum.Common", "src\Common\BlazorForum.Common\BlazorForum.Common.csproj", "{5EEEBE00-3467-42C4-A0B5-EE3BC36DD9C7}"
EndProject
Project("{9A19103F-16F7-4668-BE54-9A1E7A4F7556}") = "BlazorForum.Api.Domain", "src\Api\Core\BlazorForum.Api.Domain\BlazorForum.Api.Domain.csproj", "{6ADE770C-3C9D-432D-95A3-48FE240051B1}"
EndProject
Project("{9A19103F-16F7-4668-BE54-9A1E7A4F7556}") = "BlazorForm.Api.Application", "src\Api\Core\BlazorForm.Api.Application\BlazorForm.Api.Application.csproj", "{E18A0434-C107-4B9B-9636-7BC16ED425BB}"
EndProject
Project("{9A19103F-16F7-4668-BE54-9A1E7A4F7556}") = "BlazorForum.Api.WebApi", "src\Api\WebApi\BlazorForum.Api.WebApi\BlazorForum.Api.WebApi.csproj", "{1AB3C360-8026-4EDF-B187-AD1F17CFA368}"
EndProject
Project("{9A19103F-16F7-4668-BE54-9A1E7A4F7556}") = "BlazorForum.Projections.FavouriteService", "src\Projections\BlazorForum.Projections.FavouriteService\BlazorForum.Projections.FavouriteService.csproj", "{C63194D1-94D3-4EBB-B91A-C4917C3B1050}"
EndProject
Project("{9A19103F-16F7-4668-BE54-9A1E7A4F7556}") = "BlazorForum.Projections.VoteService", "src\Projections\BlazorForum.Projections.VoteService\BlazorForum.Projections.VoteService.csproj", "{58D38AD9-AB5D-436B-8D30-B0C5761B8BEE}"
EndProject
Project("{9A19103F-16F7-4668-BE54-9A1E7A4F7556}") = "BlazorForum.Projections.UserService", "src\Projections\BlazorForum.Projections.UserService\BlazorForum.Projections.UserService.csproj", "{C90A3BAD-BF08-4E9F-BCCE-4482CEBDA7ED}"
EndProject
Project("{9A19103F-16F7-4668-BE54-9A1E7A4F7556}") = "BlazorForum.WebApp", "src\Clients\BlazorWeb\BlazorForum.WebApp\BlazorForum.WebApp.csproj", "{DA97DFD9-97A2-4C16-ACAE-956022EF2BEB}"
EndProject
Project("{9A19103F-16F7-4668-BE54-9A1E7A4F7556}") = "BlazorForum.Infrastructure.Persistence", "src\Api\Infrastructure\BlazorForum.Infrastructure.Persist\BlazorForum.Infrastructure.Persistence\BlazorForum.Infrastructure.Persistence.csproj", "{16FB074E-1DDB-47A6-9C76-451A9A23B868}"
EndProject
Global
	GlobalSection(SolutionConfigurationPlatforms) = preSolution
		Debug|Any CPU = Debug|Any CPU
		Release|Any CPU = Release|Any CPU
	EndGlobalSection
	GlobalSection(ProjectConfigurationPlatforms) = postSolution
		{5EEEBE00-3467-42C4-A0B5-EE3BC36DD9C7}.Debug|Any CPU.ActiveCfg = Debug|Any CPU
		{5EEEBE00-3467-42C4-A0B5-EE3BC36DD9C7}.Debug|Any CPU.Build.0 = Debug|Any CPU
		{5EEEBE00-3467-42C4-A0B5-EE3BC36DD9C7}.Release|Any CPU.ActiveCfg = Release|Any CPU
		{5EEEBE00-3467-42C4-A0B5-EE3BC36DD9C7}.Release|Any CPU.Build.0 = Release|Any CPU
		{6ADE770C-3C9D-432D-95A3-48FE240051B1}.Debug|Any CPU.ActiveCfg = Debug|Any CPU
		{6ADE770C-3C9D-432D-95A3-48FE240051B1}.Debug|Any CPU.Build.0 = Debug|Any CPU
		{6ADE770C-3C9D-432D-95A3-48FE240051B1}.Release|Any CPU.ActiveCfg = Release|Any CPU
		{6ADE770C-3C9D-432D-95A3-48FE240051B1}.Release|Any CPU.Build.0 = Release|Any CPU
		{E18A0434-C107-4B9B-9636-7BC16ED425BB}.Debug|Any CPU.ActiveCfg = Debug|Any CPU
		{E18A0434-C107-4B9B-9636-7BC16ED425BB}.Debug|Any CPU.Build.0 = Debug|Any CPU
		{E18A0434-C107-4B9B-9636-7BC16ED425BB}.Release|Any CPU.ActiveCfg = Release|Any CPU
		{E18A0434-C107-4B9B-9636-7BC16ED425BB}.Release|Any CPU.Build.0 = Release|Any CPU
		{1AB3C360-8026-4EDF-B187-AD1F17CFA368}.Debug|Any CPU.ActiveCfg = Debug|Any CPU
		{1AB3C360-8026-4EDF-B187-AD1F17CFA368}.Debug|Any CPU.Build.0 = Debug|Any CPU
		{1AB3C360-8026-4EDF-B187-AD1F17CFA368}.Release|Any CPU.ActiveCfg = Release|Any CPU
		{1AB3C360-8026-4EDF-B187-AD1F17CFA368}.Release|Any CPU.Build.0 = Release|Any CPU
		{C63194D1-94D3-4EBB-B91A-C4917C3B1050}.Debug|Any CPU.ActiveCfg = Debug|Any CPU
		{C63194D1-94D3-4EBB-B91A-C4917C3B1050}.Debug|Any CPU.Build.0 = Debug|Any CPU
		{C63194D1-94D3-4EBB-B91A-C4917C3B1050}.Release|Any CPU.ActiveCfg = Release|Any CPU
		{C63194D1-94D3-4EBB-B91A-C4917C3B1050}.Release|Any CPU.Build.0 = Release|Any CPU
		{58D38AD9-AB5D-436B-8D30-B0C5761B8BEE}.Debug|Any CPU.ActiveCfg = Debug|Any CPU
		{58D38AD9-AB5D-436B-8D30-B0C5761B8BEE}.Debug|Any CPU.Build.0 = Debug|Any CPU
		{58D38AD9-AB5D-436B-8D30-B0C5761B8BEE}.Release|Any CPU.ActiveCfg = Release|Any CPU
		{58D38AD9-AB5D-436B-8D30-B0C5761B8BEE}.Release|Any CPU.Build.0 = Release|Any CPU
		{C90A3BAD-BF08-4E9F-BCCE-4482CEBDA7ED}.Debug|Any CPU.ActiveCfg = Debug|Any CPU
		{C90A3BAD-BF08-4E9F-BCCE-4482CEBDA7ED}.Debug|Any CPU.Build.0 = Debug|Any CPU
		{C90A3BAD-BF08-4E9F-BCCE-4482CEBDA7ED}.Release|Any CPU.ActiveCfg = Release|Any CPU
		{C90A3BAD-BF08-4E9F-BCCE-4482CEBDA7ED}.Release|Any CPU.Build.0 = Release|Any CPU
		{DA97DFD9-97A2-4C16-ACAE-956022EF2BEB}.Debug|Any CPU.ActiveCfg = Debug|Any CPU
		{DA97DFD9-97A2-4C16-ACAE-956022EF2BEB}.Debug|Any CPU.Build.0 = Debug|Any CPU
		{DA97DFD9-97A2-4C16-ACAE-956022EF2BEB}.Release|Any CPU.ActiveCfg = Release|Any CPU
		{DA97DFD9-97A2-4C16-ACAE-956022EF2BEB}.Release|Any CPU.Build.0 = Release|Any CPU
		{16FB074E-1DDB-47A6-9C76-451A9A23B868}.Debug|Any CPU.ActiveCfg = Debug|Any CPU
		{16FB074E-1DDB-47A6-9C76-451A9A23B868}.Debug|Any CPU.Build.0 = Debug|Any CPU
		{16FB074E-1DDB-47A6-9C76-451A9A23B868}.Release|Any CPU.ActiveCfg = Release|Any CPU
		{16FB074E-1DDB-47A6-9C76-451A9A23B868}.Release|Any CPU.Build.0 = Release|Any CPU
	EndGlobalSection
	GlobalSection(SolutionProperties) = preSolution
		HideSolutionNode = FALSE
	EndGlobalSection
	GlobalSection(NestedProjects) = preSolution
		{F21DF0E3-7268-46EE-8DC3-085C00BFA75B} = {343B00D4-82F6-4E5C-9006-400FE9A7DFC7}
		{3FF05D40-3E4A-472A-AADE-51E147DB67B6} = {343B00D4-82F6-4E5C-9006-400FE9A7DFC7}
		{7D27C618-AA52-4C7F-8F56-400412C8E26A} = {343B00D4-82F6-4E5C-9006-400FE9A7DFC7}
		{5482BDF4-9ED9-43F6-8D4C-234322D98246} = {343B00D4-82F6-4E5C-9006-400FE9A7DFC7}
		{E1CF01C5-7045-4BB5-80A8-10DC42A2A252} = {F21DF0E3-7268-46EE-8DC3-085C00BFA75B}
		{88ADF8B2-F2DB-4917-AD88-F60DC19DEE71} = {F21DF0E3-7268-46EE-8DC3-085C00BFA75B}
		{2402347B-6165-4A75-BEB7-0A9EDB149A8E} = {F21DF0E3-7268-46EE-8DC3-085C00BFA75B}
		{E270371E-13D0-4367-AC72-0C2B79C785B1} = {3FF05D40-3E4A-472A-AADE-51E147DB67B6}
		{5EEEBE00-3467-42C4-A0B5-EE3BC36DD9C7} = {7D27C618-AA52-4C7F-8F56-400412C8E26A}
		{6ADE770C-3C9D-432D-95A3-48FE240051B1} = {E1CF01C5-7045-4BB5-80A8-10DC42A2A252}
		{E18A0434-C107-4B9B-9636-7BC16ED425BB} = {E1CF01C5-7045-4BB5-80A8-10DC42A2A252}
		{1AB3C360-8026-4EDF-B187-AD1F17CFA368} = {2402347B-6165-4A75-BEB7-0A9EDB149A8E}
		{C63194D1-94D3-4EBB-B91A-C4917C3B1050} = {5482BDF4-9ED9-43F6-8D4C-234322D98246}
		{58D38AD9-AB5D-436B-8D30-B0C5761B8BEE} = {5482BDF4-9ED9-43F6-8D4C-234322D98246}
		{C90A3BAD-BF08-4E9F-BCCE-4482CEBDA7ED} = {5482BDF4-9ED9-43F6-8D4C-234322D98246}
		{DA97DFD9-97A2-4C16-ACAE-956022EF2BEB} = {E270371E-13D0-4367-AC72-0C2B79C785B1}
		{16FB074E-1DDB-47A6-9C76-451A9A23B868} = {88ADF8B2-F2DB-4917-AD88-F60DC19DEE71}
	EndGlobalSection
	GlobalSection(ExtensibilityGlobals) = postSolution
		SolutionGuid = {3D55A019-ECF5-480F-821A-B08A65E1D2A6}
	EndGlobalSection
EndGlobal
